
Microsoft Visual Studio Solution File, Format Version 12.00
# Visual Studio Version 16
VisualStudioVersion = 16.0.31005.135
MinimumVisualStudioVersion = 10.0.40219.1
Project("{FAE04EC0-301F-11D3-BF4B-00C04F79EFBC}") = "SteamParties", "SteamParties.csproj", "{6B9794B9-ECBC-4FE0-AF75-462738B1E801}"
EndProject
Global
	GlobalSection(SolutionConfigurationPlatforms) = preSolution
		Debug|Any CPU = Debug|Any CPU
		Release|Any CPU = Release|Any CPU
	EndGlobalSection
	GlobalSection(ProjectConfigurationPlatforms) = postSolution
		{6B9794B9-ECBC-4FE0-AF75-462738B1E801}.Debug|Any CPU.ActiveCfg = Debug|Any CPU
		{6B9794B9-ECBC-4FE0-AF75-462738B1E801}.Debug|Any CPU.Build.0 = Debug|Any CPU
		{6B9794B9-ECBC-4FE0-AF75-462738B1E801}.Release|Any CPU.ActiveCfg = Release|Any CPU
		{6B9794B9-ECBC-4FE0-AF75-462738B1E801}.Release|Any CPU.Build.0 = Release|Any CPU
	EndGlobalSection
	GlobalSection(SolutionProperties) = preSolution
		HideSolutionNode = FALSE
	EndGlobalSection
	GlobalSection(ExtensibilityGlobals) = postSolution
		SolutionGuid = {03C8607F-F2A3-42A6-830C-25F1EA8EC7A2}
	EndGlobalSection
EndGlobal
